{
  "nodes": {
    "fhi": {
      "inputs": {
        "flake-utils": [
          "flake-utils"
        ],
        "nixpkgs": [
          "nixpkgs"
        ]
      },
      "locked": {
        "lastModified": 1686596210,
        "narHash": "sha256-rbOTvcNykDvF+LQyQ0b+NZb47EccC4LG0sU9m2xbQQs=",
        "owner": "soenkehahn",
        "repo": "format-haskell-interpolate",
        "rev": "8c169afd0236d20e8771b506e91a1038a87eea70",
        "type": "github"
      },
      "original": {
        "owner": "soenkehahn",
        "repo": "format-haskell-interpolate",
        "type": "github"
      }
    },
    "flake-utils": {
      "inputs": {
        "systems": "systems"
      },
      "locked": {
        "lastModified": 1692799911,
        "narHash": "sha256-3eihraek4qL744EvQXsK1Ha6C3CR7nnT8X2qWap4RNk=",
        "owner": "numtide",
        "repo": "flake-utils",
        "rev": "f9e7cf818399d17d347f847525c5a5a8032e4e44",
        "type": "github"
      },
      "original": {
        "owner": "numtide",
        "repo": "flake-utils",
        "type": "github"
      }
    },
    "nixpkgs": {
      "locked": {
        "lastModified": 1692817259,
        "narHash": "sha256-eDyI/ieNv4cC/s5dQB1+mQTo+69ZmTwdlNj3syARWWQ=",
        "owner": "NixOS",
        "repo": "nixpkgs",
        "rev": "beebb047d4875de98ce95126263764cacbb88e7d",
        "type": "github"
      },
      "original": {
        "owner": "NixOS",
        "ref": "release-23.05",
        "repo": "nixpkgs",
        "type": "github"
      }
    },
    "root": {
      "inputs": {
        "fhi": "fhi",
        "flake-utils": "flake-utils",
        "nixpkgs": "nixpkgs"
      }
    },
    "systems": {
      "locked": {
        "lastModified": 1681028828,
        "narHash": "sha256-Vy1rq5AaRuLzOxct8nz4T6wlgyUR7zLU309k9mBC768=",
        "owner": "nix-systems",
        "repo": "default",
        "rev": "da67096a3b9bf56a91d16901293e51ba5b49a27e",
        "type": "github"
      },
      "original": {
        "owner": "nix-systems",
        "repo": "default",
        "type": "github"
      }
    }
  },
  "root": "root",
  "version": 7
}
