{
  "nodes": {
    "nixpkgs": {
      "locked": {
        "lastModified": 1693428224,
        "narHash": "sha256-FWUUlhYqkGEySUD0blTADRiDQ7fw+H1ikivfu88uy+w=",
        "owner": "NixOS",
        "repo": "nixpkgs",
        "rev": "841889913dfd06a70ffb39f603e29e46f45f0c1a",
        "type": "github"
      },
      "original": {
        "owner": "NixOS",
        "repo": "nixpkgs",
        "rev": "841889913dfd06a70ffb39f603e29e46f45f0c1a",
        "type": "github"
      }
    },
    "root": {
      "inputs": {
        "nixpkgs": "nixpkgs"
      }
    }
  },
  "root": "root",
  "version": 7
}
