{
  "nodes": {
    "flake-utils": {
      "inputs": {
        "systems": "systems"
      },
      "locked": {
        "lastModified": 1694529238,
        "narHash": "sha256-zsNZZGTGnMOf9YpHKJqMSsa0dXbfmxeoJ7xHlrt+xmY=",
        "owner": "numtide",
        "repo": "flake-utils",
        "rev": "ff7b65b44d01cf9ba6a71320833626af21126384",
        "type": "github"
      },
      "original": {
        "owner": "numtide",
        "repo": "flake-utils",
        "type": "github"
      }
    },
    "importedFlake-github_martinvonz_jj_v0_11_0": {
      "inputs": {
        "flake-utils": "flake-utils",
        "nixpkgs": "nixpkgs",
        "rust-overlay": "rust-overlay"
      },
      "locked": {
        "lastModified": 1698862124,
        "narHash": "sha256-yEW7+0MnJlW0WeZ6UItaCDrihPLA52mLcu15tJwZx9w=",
        "owner": "martinvonz",
        "repo": "jj",
        "rev": "f00f7527ddce21886fe93e11324c5227f15eeaca",
        "type": "github"
      },
      "original": {
        "owner": "martinvonz",
        "ref": "v0.11.0",
        "repo": "jj",
        "type": "github"
      }
    },
    "nixpkgs": {
      "locked": {
        "lastModified": 1698336494,
        "narHash": "sha256-sO72WDBKyijYD1GcKPlGsycKbMBiTJMBCnmOxLAs880=",
        "owner": "NixOS",
        "repo": "nixpkgs",
        "rev": "808c0d8c53c7ae50f82aca8e7df263225cf235bf",
        "type": "github"
      },
      "original": {
        "id": "nixpkgs",
        "type": "indirect"
      }
    },
    "nixpkgs-repo": {
      "locked": {
        "lastModified": 1698376214,
        "narHash": "sha256-8UC0cK/cT600ug+8RVc6a1sE66+U1dfsileTo65zPCg=",
        "owner": "NixOS",
        "repo": "nixpkgs",
        "rev": "6fc7203e423bbf1c8f84cccf1c4818d097612566",
        "type": "github"
      },
      "original": {
        "owner": "NixOS",
        "repo": "nixpkgs",
        "rev": "6fc7203e423bbf1c8f84cccf1c4818d097612566",
        "type": "github"
      }
    },
    "npmlock2nix-repo": {
      "flake": false,
      "locked": {
        "lastModified": 1673447413,
        "narHash": "sha256-sJM82Sj8yfQYs9axEmGZ9Evzdv/kDcI9sddqJ45frrU=",
        "owner": "nix-community",
        "repo": "npmlock2nix",
        "rev": "9197bbf397d76059a76310523d45df10d2e4ca81",
        "type": "github"
      },
      "original": {
        "owner": "nix-community",
        "repo": "npmlock2nix",
        "rev": "9197bbf397d76059a76310523d45df10d2e4ca81",
        "type": "github"
      }
    },
    "root": {
      "inputs": {
        "importedFlake-github_martinvonz_jj_v0_11_0": "importedFlake-github_martinvonz_jj_v0_11_0",
        "nixpkgs-repo": "nixpkgs-repo",
        "npmlock2nix-repo": "npmlock2nix-repo"
      }
    },
    "rust-overlay": {
      "inputs": {
        "flake-utils": [
          "importedFlake-github_martinvonz_jj_v0_11_0",
          "flake-utils"
        ],
        "nixpkgs": [
          "importedFlake-github_martinvonz_jj_v0_11_0",
          "nixpkgs"
        ]
      },
      "locked": {
        "lastModified": 1698458995,
        "narHash": "sha256-nF8E8Ur5NggwPQNp3w/fddWmQrNEwCm0dgz6tk8Ew6E=",
        "owner": "oxalica",
        "repo": "rust-overlay",
        "rev": "571fee291b386dd6fe0d125bc20a7c7b3ad042ac",
        "type": "github"
      },
      "original": {
        "owner": "oxalica",
        "repo": "rust-overlay",
        "type": "github"
      }
    },
    "systems": {
      "locked": {
        "lastModified": 1681028828,
        "narHash": "sha256-Vy1rq5AaRuLzOxct8nz4T6wlgyUR7zLU309k9mBC768=",
        "owner": "nix-systems",
        "repo": "default",
        "rev": "da67096a3b9bf56a91d16901293e51ba5b49a27e",
        "type": "github"
      },
      "original": {
        "owner": "nix-systems",
        "repo": "default",
        "type": "github"
      }
    }
  },
  "root": "root",
  "version": 7
}
