{
  "nodes": {
    "nixpkgs": {
      "locked": {
        "lastModified": 1693428224,
        "narHash": "sha256-FWUUlhYqkGEySUD0blTADRiDQ7fw+H1ikivfu88uy+w=",
        "owner": "NixOS",
        "repo": "nixpkgs",
        "rev": "841889913dfd06a70ffb39f603e29e46f45f0c1a",
        "type": "github"
      },
      "original": {
        "owner": "NixOS",
        "repo": "nixpkgs",
        "rev": "841889913dfd06a70ffb39f603e29e46f45f0c1a",
        "type": "github"
      }
    },
    "npmlock2nix-repo": {
      "flake": false,
      "locked": {
        "lastModified": 1673447413,
        "narHash": "sha256-sJM82Sj8yfQYs9axEmGZ9Evzdv/kDcI9sddqJ45frrU=",
        "owner": "nix-community",
        "repo": "npmlock2nix",
        "rev": "9197bbf397d76059a76310523d45df10d2e4ca81",
        "type": "github"
      },
      "original": {
        "owner": "nix-community",
        "repo": "npmlock2nix",
        "rev": "9197bbf397d76059a76310523d45df10d2e4ca81",
        "type": "github"
      }
    },
    "root": {
      "inputs": {
        "nixpkgs": "nixpkgs",
        "npmlock2nix-repo": "npmlock2nix-repo"
      }
    }
  },
  "root": "root",
  "version": 7
}
